# THIS IS AN AUTOGENERATED FILE. DO NOT EDIT THIS FILE DIRECTLY.
# yarn lockfile v1


"@tatumio/tatum@v4.0.1":
  version "4.0.1"
  resolved "https://registry.yarnpkg.com/@tatumio/tatum/-/tatum-4.0.1.tgz#8bc32215202f34f4063bf392ff52fa668d4e5764"
  integrity sha512-SPI/+J45zDFGKMtcM71XGgBvoMukNDcIafo6qfnXxO7HQrgzpDCEyyFjv6cCjP2V8hP6wNqdUpb54jjWHYpmBw==
  dependencies:
    bignumber.js "^9.1.1"
    reflect-metadata "^0.1.13"
    typedi "^0.10.0"

bignumber.js@^9.1.1:
  version "9.1.2"
  resolved "https://registry.yarnpkg.com/bignumber.js/-/bignumber.js-9.1.2.tgz#b7c4242259c008903b13707983b5f4bbd31eda0c"
  integrity sha512-2/mKyZH9K85bzOEfhXDBFZTGd1CTs+5IHpeFQo9luiBG7hghdC851Pj2WAhb6E3R6b9tZj/XKhbg4fum+Kepug==

reflect-metadata@^0.1.13:
  version "0.1.13"
  resolved "https://registry.yarnpkg.com/reflect-metadata/-/reflect-metadata-0.1.13.tgz#67ae3ca57c972a2aa1642b10fe363fe32d49dc08"
  integrity sha512-Ts1Y/anZELhSsjMcU605fU9RE4Oi3p5ORujwbIKXfWa+0Zxs510Qrmrce5/Jowq3cHSZSJqBjypxmHarc+vEWg==

typedi@^0.10.0:
  version "0.10.0"
  resolved "https://registry.yarnpkg.com/typedi/-/typedi-0.10.0.tgz#e8f9a5ee100b84addbdfb57fe90d8d9ed2a21dea"
  integrity sha512-v3UJF8xm68BBj6AF4oQML3ikrfK2c9EmZUyLOfShpJuItAqVBHWP/KtpGinkSsIiP6EZyyb6Z3NXyW9dgS9X1w==

typescript@^5.2.2:
  version "5.2.2"
  resolved "https://registry.yarnpkg.com/typescript/-/typescript-5.2.2.tgz#5ebb5e5a5b75f085f22bc3f8460fba308310fa78"
  integrity sha512-mI4WrpHsbCIcwT9cF4FZvr80QUeKvsUsUvKDoR+X/7XHQH98xYD8YHZg7ANtz2GtZt/CBq2QJ0thkGJMHfqc1w==
